
Microsoft Visual Studio Solution File, Format Version 12.00
# Visual Studio 15
VisualStudioVersion = 15.0.28307.329
MinimumVisualStudioVersion = 10.0.40219.1
Project("{FAE04EC0-301F-11D3-BF4B-00C04F79EFBC}") = "Wf_BlogCodeFirst", "Wf_BlogCodeFirst\Wf_BlogCodeFirst.csproj", "{EB87EDBC-BFDF-463D-8D51-D93D400B4DCE}"
EndProject
Project("{FAE04EC0-301F-11D3-BF4B-00C04F79EFBC}") = "Entity", "Entity\Entity.csproj", "{F27792C6-4F70-44DB-99FF-97B02D867056}"
EndProject
Project("{FAE04EC0-301F-11D3-BF4B-00C04F79EFBC}") = "DAL", "DAL\DAL.csproj", "{2A22DAB1-8843-4A3E-9886-C61E5E2EF465}"
EndProject
Global
	GlobalSection(SolutionConfigurationPlatforms) = preSolution
		Debug|Any CPU = Debug|Any CPU
		Release|Any CPU = Release|Any CPU
	EndGlobalSection
	GlobalSection(ProjectConfigurationPlatforms) = postSolution
		{EB87EDBC-BFDF-463D-8D51-D93D400B4DCE}.Debug|Any CPU.ActiveCfg = Debug|Any CPU
		{EB87EDBC-BFDF-463D-8D51-D93D400B4DCE}.Debug|Any CPU.Build.0 = Debug|Any CPU
		{EB87EDBC-BFDF-463D-8D51-D93D400B4DCE}.Release|Any CPU.ActiveCfg = Release|Any CPU
		{EB87EDBC-BFDF-463D-8D51-D93D400B4DCE}.Release|Any CPU.Build.0 = Release|Any CPU
		{F27792C6-4F70-44DB-99FF-97B02D867056}.Debug|Any CPU.ActiveCfg = Debug|Any CPU
		{F27792C6-4F70-44DB-99FF-97B02D867056}.Debug|Any CPU.Build.0 = Debug|Any CPU
		{F27792C6-4F70-44DB-99FF-97B02D867056}.Release|Any CPU.ActiveCfg = Release|Any CPU
		{F27792C6-4F70-44DB-99FF-97B02D867056}.Release|Any CPU.Build.0 = Release|Any CPU
		{2A22DAB1-8843-4A3E-9886-C61E5E2EF465}.Debug|Any CPU.ActiveCfg = Debug|Any CPU
		{2A22DAB1-8843-4A3E-9886-C61E5E2EF465}.Debug|Any CPU.Build.0 = Debug|Any CPU
		{2A22DAB1-8843-4A3E-9886-C61E5E2EF465}.Release|Any CPU.ActiveCfg = Release|Any CPU
		{2A22DAB1-8843-4A3E-9886-C61E5E2EF465}.Release|Any CPU.Build.0 = Release|Any CPU
	EndGlobalSection
	GlobalSection(SolutionProperties) = preSolution
		HideSolutionNode = FALSE
	EndGlobalSection
	GlobalSection(ExtensibilityGlobals) = postSolution
		SolutionGuid = {BE5AB25D-EE66-4351-A793-81D7690CA1E9}
	EndGlobalSection
EndGlobal
